// !$*UTF8*$!
{
	archiveVersion = 1;
	classes = {
	};
	objectVersion = 46;
	objects = {

/* Begin PBXBuildFile section */
		1202FB0B1CD323D400EF8F5B /* HomeCollectionViewCell.swift in Sources */ = {isa = PBXBuildFile; fileRef = 1202FB0A1CD323D400EF8F5B /* HomeCollectionViewCell.swift */; };
		1202FB0D1CD3298B00EF8F5B /* ProductsCnt.swift in Sources */ = {isa = PBXBuildFile; fileRef = 1202FB0C1CD3298B00EF8F5B /* ProductsCnt.swift */; };
		12100C311CD90F1900A44C0D /* ProductListCntl.swift in Sources */ = {isa = PBXBuildFile; fileRef = 12100C301CD90F1900A44C0D /* ProductListCntl.swift */; };
		12100C341CD91C5E00A44C0D /* ProductHeaderCell.swift in Sources */ = {isa = PBXBuildFile; fileRef = 12100C331CD91C5E00A44C0D /* ProductHeaderCell.swift */; };
		121311111CF413F7003DFCE2 /* CX_Cart+CoreDataProperties.swift in Sources */ = {isa = PBXBuildFile; fileRef = 1213110F1CF413F7003DFCE2 /* CX_Cart+CoreDataProperties.swift */; };
		121311121CF413F7003DFCE2 /* CX_Cart.swift in Sources */ = {isa = PBXBuildFile; fileRef = 121311101CF413F7003DFCE2 /* CX_Cart.swift */; };
		1216D8881D3108DE0040F1E7 /* StickerDetails.swift in Sources */ = {isa = PBXBuildFile; fileRef = 1216D8871D3108DE0040F1E7 /* StickerDetails.swift */; };
		1216D88B1D3125880040F1E7 /* StickerDetailCell.swift in Sources */ = {isa = PBXBuildFile; fileRef = 1216D8891D3125880040F1E7 /* StickerDetailCell.swift */; };
		1216D88C1D3125880040F1E7 /* StickerDetailCell.xib in Resources */ = {isa = PBXBuildFile; fileRef = 1216D88A1D3125880040F1E7 /* StickerDetailCell.xib */; };
		121EA63F1CDB171B00A69A4C /* miscellaneous.txt in Resources */ = {isa = PBXBuildFile; fileRef = 121EA63D1CDB171B00A69A4C /* miscellaneous.txt */; };
		121EA6401CDB171B00A69A4C /* subcate.txt in Resources */ = {isa = PBXBuildFile; fileRef = 121EA63E1CDB171B00A69A4C /* subcate.txt */; };
		121EA6421CDB186100A69A4C /* productslist.txt in Resources */ = {isa = PBXBuildFile; fileRef = 121EA6411CDB186100A69A4C /* productslist.txt */; };
		122329D61CF544EC00E93066 /* P3rdLevelCategories.txt in Resources */ = {isa = PBXBuildFile; fileRef = 122329D41CF544EC00E93066 /* P3rdLevelCategories.txt */; };
		122329D71CF544EC00E93066 /* sticker.txt in Resources */ = {isa = PBXBuildFile; fileRef = 122329D51CF544EC00E93066 /* sticker.txt */; };
		122805971CDE3C0D000343AC /* LoadingView.swift in Sources */ = {isa = PBXBuildFile; fileRef = 122805961CDE3C0D000343AC /* LoadingView.swift */; };
		126F82691CDF6F24003C3DE4 /* StoreOnGoData.xcdatamodeld in Sources */ = {isa = PBXBuildFile; fileRef = 126F82671CDF6F24003C3DE4 /* StoreOnGoData.xcdatamodeld */; };
		126F82741CDF6F57003C3DE4 /* CX_Products+CoreDataProperties.swift in Sources */ = {isa = PBXBuildFile; fileRef = 126F826A1CDF6F57003C3DE4 /* CX_Products+CoreDataProperties.swift */; };
		126F82751CDF6F57003C3DE4 /* CX_Products.swift in Sources */ = {isa = PBXBuildFile; fileRef = 126F826B1CDF6F57003C3DE4 /* CX_Products.swift */; };
		126F82761CDF6F57003C3DE4 /* TABLE_PRODUCT_SUB_CATEGORIES+CoreDataProperties.swift in Sources */ = {isa = PBXBuildFile; fileRef = 126F826C1CDF6F57003C3DE4 /* TABLE_PRODUCT_SUB_CATEGORIES+CoreDataProperties.swift */; };
		126F82771CDF6F57003C3DE4 /* TABLE_PRODUCT_SUB_CATEGORIES.swift in Sources */ = {isa = PBXBuildFile; fileRef = 126F826D1CDF6F57003C3DE4 /* TABLE_PRODUCT_SUB_CATEGORIES.swift */; };
		126F82781CDF6F57003C3DE4 /* CX_Product_Category+CoreDataProperties.swift in Sources */ = {isa = PBXBuildFile; fileRef = 126F826E1CDF6F57003C3DE4 /* CX_Product_Category+CoreDataProperties.swift */; };
		126F82791CDF6F57003C3DE4 /* CX_Product_Category.swift in Sources */ = {isa = PBXBuildFile; fileRef = 126F826F1CDF6F57003C3DE4 /* CX_Product_Category.swift */; };
		126F827A1CDF6F57003C3DE4 /* CX_FeaturedProducts+CoreDataProperties.swift in Sources */ = {isa = PBXBuildFile; fileRef = 126F82701CDF6F57003C3DE4 /* CX_FeaturedProducts+CoreDataProperties.swift */; };
		126F827B1CDF6F57003C3DE4 /* CX_FeaturedProducts.swift in Sources */ = {isa = PBXBuildFile; fileRef = 126F82711CDF6F57003C3DE4 /* CX_FeaturedProducts.swift */; };
		126F827C1CDF6F57003C3DE4 /* CX_Stores+CoreDataProperties.swift in Sources */ = {isa = PBXBuildFile; fileRef = 126F82721CDF6F57003C3DE4 /* CX_Stores+CoreDataProperties.swift */; };
		126F827D1CDF6F57003C3DE4 /* CX_Stores.swift in Sources */ = {isa = PBXBuildFile; fileRef = 126F82731CDF6F57003C3DE4 /* CX_Stores.swift */; };
		128564D21CE75CD0006210EA /* MIBadgeButton.swift in Sources */ = {isa = PBXBuildFile; fileRef = 128564D11CE75CD0006210EA /* MIBadgeButton.swift */; };
		128564D41CE7635B006210EA /* CartViewCntl.swift in Sources */ = {isa = PBXBuildFile; fileRef = 128564D31CE7635B006210EA /* CartViewCntl.swift */; };
		128564D71CE8A6B1006210EA /* CartITemCell.swift in Sources */ = {isa = PBXBuildFile; fileRef = 128564D61CE8A6B1006210EA /* CartITemCell.swift */; };
		12C91DE31CFAB70B001AD55A /* CXHeaderView.m in Sources */ = {isa = PBXBuildFile; fileRef = 12C91DE21CFAB70B001AD55A /* CXHeaderView.m */; };
		12C96E9C1CD51E9200E42A78 /* CX_AppData.swift in Sources */ = {isa = PBXBuildFile; fileRef = 12C96E9B1CD51E9200E42A78 /* CX_AppData.swift */; };
		12EF6BD81CFAF0C7009E17B6 /* MIBadgeButton.m in Sources */ = {isa = PBXBuildFile; fileRef = 12EF6BD51CFAF0C7009E17B6 /* MIBadgeButton.m */; };
		12EF6BD91CFAF0C7009E17B6 /* MIBadgeLabel.m in Sources */ = {isa = PBXBuildFile; fileRef = 12EF6BD71CFAF0C7009E17B6 /* MIBadgeLabel.m */; };
		12EF6BDC1CFB485F009E17B6 /* EGOCache.m in Sources */ = {isa = PBXBuildFile; fileRef = 12EF6BDB1CFB485F009E17B6 /* EGOCache.m */; };
		12F10A2A1CDEF23D007C8F5B /* ProductHomeCntl.swift in Sources */ = {isa = PBXBuildFile; fileRef = 12F10A291CDEF23D007C8F5B /* ProductHomeCntl.swift */; };
		12F10A321CDF0C9B007C8F5B /* AboutUsViewCnt.swift in Sources */ = {isa = PBXBuildFile; fileRef = 12F10A311CDF0C9B007C8F5B /* AboutUsViewCnt.swift */; };
		12F10A341CDF0E0F007C8F5B /* MapViewCntl.swift in Sources */ = {isa = PBXBuildFile; fileRef = 12F10A331CDF0E0F007C8F5B /* MapViewCntl.swift */; };
		12F42B7F1D11021400C3BA63 /* CX_CollectionViewController.swift in Sources */ = {isa = PBXBuildFile; fileRef = 12F42B7E1D11021400C3BA63 /* CX_CollectionViewController.swift */; };
		12F42B821D11053600C3BA63 /* CX_StickerCell.swift in Sources */ = {isa = PBXBuildFile; fileRef = 12F42B801D11053600C3BA63 /* CX_StickerCell.swift */; };
		12F42B831D11053600C3BA63 /* CX_StickerCell.xib in Resources */ = {isa = PBXBuildFile; fileRef = 12F42B811D11053600C3BA63 /* CX_StickerCell.xib */; };
		12F64D8B1CD5B52F007D760C /* HeaderView.swift in Sources */ = {isa = PBXBuildFile; fileRef = 12F64D8A1CD5B52F007D760C /* HeaderView.swift */; };
		12F64D8D1CD5B923007D760C /* SearchBar.swift in Sources */ = {isa = PBXBuildFile; fileRef = 12F64D8C1CD5B923007D760C /* SearchBar.swift */; };
		12F64D8F1CD6389C007D760C /* FeatureProductsCnt.swift in Sources */ = {isa = PBXBuildFile; fileRef = 12F64D8E1CD6389C007D760C /* FeatureProductsCnt.swift */; };
		12F64D911CD63A08007D760C /* CXDetailTableViewCell.swift in Sources */ = {isa = PBXBuildFile; fileRef = 12F64D901CD63A08007D760C /* CXDetailTableViewCell.swift */; };
		12F75CB31D2CD326009A9F4F /* StickersViewCnt.swift in Sources */ = {isa = PBXBuildFile; fileRef = 12F75CB21D2CD326009A9F4F /* StickersViewCnt.swift */; };
		12F8594A1CD3D80B007BE1D0 /* ProductCollectionCell.swift in Sources */ = {isa = PBXBuildFile; fileRef = 12F859491CD3D80B007BE1D0 /* ProductCollectionCell.swift */; };
		12F8595C1CD3E1CD007BE1D0 /* KICamera.png in Resources */ = {isa = PBXBuildFile; fileRef = 12F859581CD3E1CD007BE1D0 /* KICamera.png */; };
		12F8595D1CD3E1CD007BE1D0 /* KICamera@2x.png in Resources */ = {isa = PBXBuildFile; fileRef = 12F859591CD3E1CD007BE1D0 /* KICamera@2x.png */; };
		12F8595E1CD3E1CD007BE1D0 /* KIImagePager.m in Sources */ = {isa = PBXBuildFile; fileRef = 12F8595B1CD3E1CD007BE1D0 /* KIImagePager.m */; };
		12F9FC181CF76316004FE1F7 /* Roboto-Black.ttf in Resources */ = {isa = PBXBuildFile; fileRef = 12F539D31CDA68DC00EF26C9 /* Roboto-Black.ttf */; };
		12F9FC191CF76316004FE1F7 /* Roboto-Bold.ttf in Resources */ = {isa = PBXBuildFile; fileRef = 12F539D41CDA68DC00EF26C9 /* Roboto-Bold.ttf */; };
		12F9FC1A1CF76316004FE1F7 /* Roboto-Italic.ttf in Resources */ = {isa = PBXBuildFile; fileRef = 12F539D51CDA68DC00EF26C9 /* Roboto-Italic.ttf */; };
		12F9FC1B1CF76316004FE1F7 /* Roboto-Light.ttf in Resources */ = {isa = PBXBuildFile; fileRef = 12F539D61CDA68DC00EF26C9 /* Roboto-Light.ttf */; };
		12F9FC1C1CF76316004FE1F7 /* Roboto-Medium.ttf in Resources */ = {isa = PBXBuildFile; fileRef = 12F539D71CDA68DC00EF26C9 /* Roboto-Medium.ttf */; };
		12F9FC1D1CF76316004FE1F7 /* Roboto-Regular.ttf in Resources */ = {isa = PBXBuildFile; fileRef = 12F539D81CDA68DC00EF26C9 /* Roboto-Regular.ttf */; };
		12F9FC1E1CF76316004FE1F7 /* RobotoCondensed-Bold.ttf in Resources */ = {isa = PBXBuildFile; fileRef = 12F539D91CDA68DC00EF26C9 /* RobotoCondensed-Bold.ttf */; };
		12F9FC1F1CF76316004FE1F7 /* RobotoCondensed-Light.ttf in Resources */ = {isa = PBXBuildFile; fileRef = 12F539DA1CDA68DC00EF26C9 /* RobotoCondensed-Light.ttf */; };
		12FBC0141D3CAF3200C8EBFE /* orderItemCell.swift in Sources */ = {isa = PBXBuildFile; fileRef = 12FBC0121D3CAF3200C8EBFE /* orderItemCell.swift */; };
		12FBC0151D3CAF3200C8EBFE /* orderItemCell.xib in Resources */ = {isa = PBXBuildFile; fileRef = 12FBC0131D3CAF3200C8EBFE /* orderItemCell.xib */; };
		AA01632F1CD2073B00EA1619 /* AppDelegate.swift in Sources */ = {isa = PBXBuildFile; fileRef = AA01632E1CD2073B00EA1619 /* AppDelegate.swift */; };
		AA0163311CD2073B00EA1619 /* ViewController.swift in Sources */ = {isa = PBXBuildFile; fileRef = AA0163301CD2073B00EA1619 /* ViewController.swift */; };
		AA0163341CD2073B00EA1619 /* Main.storyboard in Resources */ = {isa = PBXBuildFile; fileRef = AA0163321CD2073B00EA1619 /* Main.storyboard */; };
		AA0163391CD2073B00EA1619 /* Assets.xcassets in Resources */ = {isa = PBXBuildFile; fileRef = AA0163381CD2073B00EA1619 /* Assets.xcassets */; };
		AA0163471CD2073B00EA1619 /* StoreOnGoAppTests.swift in Sources */ = {isa = PBXBuildFile; fileRef = AA0163461CD2073B00EA1619 /* StoreOnGoAppTests.swift */; };
		AA0163521CD2073B00EA1619 /* StoreOnGoAppUITests.swift in Sources */ = {isa = PBXBuildFile; fileRef = AA0163511CD2073B00EA1619 /* StoreOnGoAppUITests.swift */; };
		AA0163641CD20BE900EA1619 /* CXDBSettings.swift in Sources */ = {isa = PBXBuildFile; fileRef = AA0163631CD20BE900EA1619 /* CXDBSettings.swift */; };
		AA0163671CD20C0F00EA1619 /* CXConstant.swift in Sources */ = {isa = PBXBuildFile; fileRef = AA0163661CD20C0F00EA1619 /* CXConstant.swift */; };
		AA01637A1CD20E1400EA1619 /* SMSyncService.swift in Sources */ = {isa = PBXBuildFile; fileRef = AA0163791CD20E1400EA1619 /* SMSyncService.swift */; };
		AA5A46931CE0C2CA007E01A4 /* MapKit.framework in Frameworks */ = {isa = PBXBuildFile; fileRef = AA5A46921CE0C2CA007E01A4 /* MapKit.framework */; };
		AA5A46951CE0C326007E01A4 /* Station.swift in Sources */ = {isa = PBXBuildFile; fileRef = AA5A46941CE0C326007E01A4 /* Station.swift */; };
		AA65A72A1CF71D7D00696A63 /* AutocompleteField.swift in Sources */ = {isa = PBXBuildFile; fileRef = AA65A7291CF71D7D00696A63 /* AutocompleteField.swift */; };
		AA65A72D1CF7354800696A63 /* UserDetailsCnt.swift in Sources */ = {isa = PBXBuildFile; fileRef = AA65A72B1CF7354800696A63 /* UserDetailsCnt.swift */; };
		AA811DFC1CFC7ACC00A13F98 /* JSONKit.m in Sources */ = {isa = PBXBuildFile; fileRef = AA811DFB1CFC7ACC00A13F98 /* JSONKit.m */; settings = {COMPILER_FLAGS = "-fno-objc-arc"; }; };
		AAF679331CD2644F001E1238 /* CXDetailCollectionViewCell.swift in Sources */ = {isa = PBXBuildFile; fileRef = AAF679321CD2644F001E1238 /* CXDetailCollectionViewCell.swift */; };
		AAFDDAA68C54C910736A9062 /* Pods_StoreOnGoAppUITests.framework in Frameworks */ = {isa = PBXBuildFile; fileRef = E325A9DD4C7D9F06B5210077 /* Pods_StoreOnGoAppUITests.framework */; };
		DD294C7579384ECEDC306916 /* libPods-StoreOnGoApp.a in Frameworks */ = {isa = PBXBuildFile; fileRef = 3B89FEE5B5A058470CE52CD3 /* libPods-StoreOnGoApp.a */; };
/* End PBXBuildFile section */

/* Begin PBXContainerItemProxy section */
		AA0163431CD2073B00EA1619 /* PBXContainerItemProxy */ = {
			isa = PBXContainerItemProxy;
			containerPortal = AA0163231CD2073B00EA1619 /* Project object */;
			proxyType = 1;
			remoteGlobalIDString = AA01632A1CD2073B00EA1619;
			remoteInfo = StoreOnGoApp;
		};
		AA01634E1CD2073B00EA1619 /* PBXContainerItemProxy */ = {
			isa = PBXContainerItemProxy;
			containerPortal = AA0163231CD2073B00EA1619 /* Project object */;
			proxyType = 1;
			remoteGlobalIDString = AA01632A1CD2073B00EA1619;
			remoteInfo = StoreOnGoApp;
		};
/* End PBXContainerItemProxy section */

/* Begin PBXFileReference section */
		0145B61FE9DB76F9CCDB4E70 /* Pods-StoreOnGoAppUITests.release.xcconfig */ = {isa = PBXFileReference; includeInIndex = 1; lastKnownFileType = text.xcconfig; name = "Pods-StoreOnGoAppUITests.release.xcconfig"; path = "Pods/Target Support Files/Pods-StoreOnGoAppUITests/Pods-StoreOnGoAppUITests.release.xcconfig"; sourceTree = "<group>"; };
		1202FB0A1CD323D400EF8F5B /* HomeCollectionViewCell.swift */ = {isa = PBXFileReference; fileEncoding = 4; lastKnownFileType = sourcecode.swift; path = HomeCollectionViewCell.swift; sourceTree = "<group>"; };
		1202FB0C1CD3298B00EF8F5B /* ProductsCnt.swift */ = {isa = PBXFileReference; fileEncoding = 4; lastKnownFileType = sourcecode.swift; path = ProductsCnt.swift; sourceTree = "<group>"; };
		12100C301CD90F1900A44C0D /* ProductListCntl.swift */ = {isa = PBXFileReference; fileEncoding = 4; lastKnownFileType = sourcecode.swift; path = ProductListCntl.swift; sourceTree = "<group>"; };
		12100C331CD91C5E00A44C0D /* ProductHeaderCell.swift */ = {isa = PBXFileReference; fileEncoding = 4; lastKnownFileType = sourcecode.swift; path = ProductHeaderCell.swift; sourceTree = "<group>"; };
		1213110F1CF413F7003DFCE2 /* CX_Cart+CoreDataProperties.swift */ = {isa = PBXFileReference; fileEncoding = 4; lastKnownFileType = sourcecode.swift; path = "CX_Cart+CoreDataProperties.swift"; sourceTree = "<group>"; };
		121311101CF413F7003DFCE2 /* CX_Cart.swift */ = {isa = PBXFileReference; fileEncoding = 4; lastKnownFileType = sourcecode.swift; path = CX_Cart.swift; sourceTree = "<group>"; };
		1216D8871D3108DE0040F1E7 /* StickerDetails.swift */ = {isa = PBXFileReference; fileEncoding = 4; lastKnownFileType = sourcecode.swift; path = StickerDetails.swift; sourceTree = "<group>"; };
		1216D8891D3125880040F1E7 /* StickerDetailCell.swift */ = {isa = PBXFileReference; fileEncoding = 4; lastKnownFileType = sourcecode.swift; path = StickerDetailCell.swift; sourceTree = "<group>"; };
		1216D88A1D3125880040F1E7 /* StickerDetailCell.xib */ = {isa = PBXFileReference; fileEncoding = 4; lastKnownFileType = file.xib; path = StickerDetailCell.xib; sourceTree = "<group>"; };
		121EA63D1CDB171B00A69A4C /* miscellaneous.txt */ = {isa = PBXFileReference; fileEncoding = 4; lastKnownFileType = text; path = miscellaneous.txt; sourceTree = "<group>"; };
		121EA63E1CDB171B00A69A4C /* subcate.txt */ = {isa = PBXFileReference; fileEncoding = 4; lastKnownFileType = text; path = subcate.txt; sourceTree = "<group>"; };
		121EA6411CDB186100A69A4C /* productslist.txt */ = {isa = PBXFileReference; fileEncoding = 4; lastKnownFileType = text; path = productslist.txt; sourceTree = "<group>"; };
		122329D41CF544EC00E93066 /* P3rdLevelCategories.txt */ = {isa = PBXFileReference; fileEncoding = 4; lastKnownFileType = text; path = P3rdLevelCategories.txt; sourceTree = "<group>"; };
		122329D51CF544EC00E93066 /* sticker.txt */ = {isa = PBXFileReference; fileEncoding = 4; lastKnownFileType = text; path = sticker.txt; sourceTree = "<group>"; };
		122805961CDE3C0D000343AC /* LoadingView.swift */ = {isa = PBXFileReference; fileEncoding = 4; lastKnownFileType = sourcecode.swift; path = LoadingView.swift; sourceTree = "<group>"; };
		126F82681CDF6F24003C3DE4 /* StoreOnGoData.xcdatamodel */ = {isa = PBXFileReference; lastKnownFileType = wrapper.xcdatamodel; path = StoreOnGoData.xcdatamodel; sourceTree = "<group>"; };
		126F826A1CDF6F57003C3DE4 /* CX_Products+CoreDataProperties.swift */ = {isa = PBXFileReference; fileEncoding = 4; lastKnownFileType = sourcecode.swift; path = "CX_Products+CoreDataProperties.swift"; sourceTree = "<group>"; };
		126F826B1CDF6F57003C3DE4 /* CX_Products.swift */ = {isa = PBXFileReference; fileEncoding = 4; lastKnownFileType = sourcecode.swift; path = CX_Products.swift; sourceTree = "<group>"; };
		126F826C1CDF6F57003C3DE4 /* TABLE_PRODUCT_SUB_CATEGORIES+CoreDataProperties.swift */ = {isa = PBXFileReference; fileEncoding = 4; lastKnownFileType = sourcecode.swift; path = "TABLE_PRODUCT_SUB_CATEGORIES+CoreDataProperties.swift"; sourceTree = "<group>"; };
		126F826D1CDF6F57003C3DE4 /* TABLE_PRODUCT_SUB_CATEGORIES.swift */ = {isa = PBXFileReference; fileEncoding = 4; lastKnownFileType = sourcecode.swift; path = TABLE_PRODUCT_SUB_CATEGORIES.swift; sourceTree = "<group>"; };
		126F826E1CDF6F57003C3DE4 /* CX_Product_Category+CoreDataProperties.swift */ = {isa = PBXFileReference; fileEncoding = 4; lastKnownFileType = sourcecode.swift; path = "CX_Product_Category+CoreDataProperties.swift"; sourceTree = "<group>"; };
		126F826F1CDF6F57003C3DE4 /* CX_Product_Category.swift */ = {isa = PBXFileReference; fileEncoding = 4; lastKnownFileType = sourcecode.swift; path = CX_Product_Category.swift; sourceTree = "<group>"; };
		126F82701CDF6F57003C3DE4 /* CX_FeaturedProducts+CoreDataProperties.swift */ = {isa = PBXFileReference; fileEncoding = 4; lastKnownFileType = sourcecode.swift; path = "CX_FeaturedProducts+CoreDataProperties.swift"; sourceTree = "<group>"; };
		126F82711CDF6F57003C3DE4 /* CX_FeaturedProducts.swift */ = {isa = PBXFileReference; fileEncoding = 4; lastKnownFileType = sourcecode.swift; path = CX_FeaturedProducts.swift; sourceTree = "<group>"; };
		126F82721CDF6F57003C3DE4 /* CX_Stores+CoreDataProperties.swift */ = {isa = PBXFileReference; fileEncoding = 4; lastKnownFileType = sourcecode.swift; path = "CX_Stores+CoreDataProperties.swift"; sourceTree = "<group>"; };
		126F82731CDF6F57003C3DE4 /* CX_Stores.swift */ = {isa = PBXFileReference; fileEncoding = 4; lastKnownFileType = sourcecode.swift; path = CX_Stores.swift; sourceTree = "<group>"; };
		128564D11CE75CD0006210EA /* MIBadgeButton.swift */ = {isa = PBXFileReference; fileEncoding = 4; lastKnownFileType = sourcecode.swift; path = MIBadgeButton.swift; sourceTree = "<group>"; };
		128564D31CE7635B006210EA /* CartViewCntl.swift */ = {isa = PBXFileReference; fileEncoding = 4; lastKnownFileType = sourcecode.swift; path = CartViewCntl.swift; sourceTree = "<group>"; };
		128564D61CE8A6B1006210EA /* CartITemCell.swift */ = {isa = PBXFileReference; fileEncoding = 4; lastKnownFileType = sourcecode.swift; path = CartITemCell.swift; sourceTree = "<group>"; };
		12C91DE11CFAB70B001AD55A /* CXHeaderView.h */ = {isa = PBXFileReference; fileEncoding = 4; lastKnownFileType = sourcecode.c.h; path = CXHeaderView.h; sourceTree = "<group>"; };
		12C91DE21CFAB70B001AD55A /* CXHeaderView.m */ = {isa = PBXFileReference; fileEncoding = 4; lastKnownFileType = sourcecode.c.objc; path = CXHeaderView.m; sourceTree = "<group>"; };
		12C96E9B1CD51E9200E42A78 /* CX_AppData.swift */ = {isa = PBXFileReference; fileEncoding = 4; lastKnownFileType = sourcecode.swift; path = CX_AppData.swift; sourceTree = "<group>"; };
		12EF6BD41CFAF0C7009E17B6 /* MIBadgeButton.h */ = {isa = PBXFileReference; fileEncoding = 4; lastKnownFileType = sourcecode.c.h; path = MIBadgeButton.h; sourceTree = "<group>"; };
		12EF6BD51CFAF0C7009E17B6 /* MIBadgeButton.m */ = {isa = PBXFileReference; fileEncoding = 4; lastKnownFileType = sourcecode.c.objc; path = MIBadgeButton.m; sourceTree = "<group>"; };
		12EF6BD61CFAF0C7009E17B6 /* MIBadgeLabel.h */ = {isa = PBXFileReference; fileEncoding = 4; lastKnownFileType = sourcecode.c.h; path = MIBadgeLabel.h; sourceTree = "<group>"; };
		12EF6BD71CFAF0C7009E17B6 /* MIBadgeLabel.m */ = {isa = PBXFileReference; fileEncoding = 4; lastKnownFileType = sourcecode.c.objc; path = MIBadgeLabel.m; sourceTree = "<group>"; };
		12EF6BDA1CFB485F009E17B6 /* EGOCache.h */ = {isa = PBXFileReference; fileEncoding = 4; lastKnownFileType = sourcecode.c.h; path = EGOCache.h; sourceTree = "<group>"; };
		12EF6BDB1CFB485F009E17B6 /* EGOCache.m */ = {isa = PBXFileReference; fileEncoding = 4; lastKnownFileType = sourcecode.c.objc; path = EGOCache.m; sourceTree = "<group>"; };
		12F10A291CDEF23D007C8F5B /* ProductHomeCntl.swift */ = {isa = PBXFileReference; fileEncoding = 4; lastKnownFileType = sourcecode.swift; path = ProductHomeCntl.swift; sourceTree = "<group>"; };
		12F10A311CDF0C9B007C8F5B /* AboutUsViewCnt.swift */ = {isa = PBXFileReference; fileEncoding = 4; lastKnownFileType = sourcecode.swift; path = AboutUsViewCnt.swift; sourceTree = "<group>"; };
		12F10A331CDF0E0F007C8F5B /* MapViewCntl.swift */ = {isa = PBXFileReference; fileEncoding = 4; lastKnownFileType = sourcecode.swift; path = MapViewCntl.swift; sourceTree = "<group>"; };
		12F42B7E1D11021400C3BA63 /* CX_CollectionViewController.swift */ = {isa = PBXFileReference; fileEncoding = 4; lastKnownFileType = sourcecode.swift; path = CX_CollectionViewController.swift; sourceTree = "<group>"; };
		12F42B801D11053600C3BA63 /* CX_StickerCell.swift */ = {isa = PBXFileReference; fileEncoding = 4; lastKnownFileType = sourcecode.swift; path = CX_StickerCell.swift; sourceTree = "<group>"; };
		12F42B811D11053600C3BA63 /* CX_StickerCell.xib */ = {isa = PBXFileReference; fileEncoding = 4; lastKnownFileType = file.xib; path = CX_StickerCell.xib; sourceTree = "<group>"; };
		12F539D31CDA68DC00EF26C9 /* Roboto-Black.ttf */ = {isa = PBXFileReference; lastKnownFileType = file; path = "Roboto-Black.ttf"; sourceTree = "<group>"; };
		12F539D41CDA68DC00EF26C9 /* Roboto-Bold.ttf */ = {isa = PBXFileReference; lastKnownFileType = file; path = "Roboto-Bold.ttf"; sourceTree = "<group>"; };
		12F539D51CDA68DC00EF26C9 /* Roboto-Italic.ttf */ = {isa = PBXFileReference; lastKnownFileType = file; path = "Roboto-Italic.ttf"; sourceTree = "<group>"; };
		12F539D61CDA68DC00EF26C9 /* Roboto-Light.ttf */ = {isa = PBXFileReference; lastKnownFileType = file; path = "Roboto-Light.ttf"; sourceTree = "<group>"; };
		12F539D71CDA68DC00EF26C9 /* Roboto-Medium.ttf */ = {isa = PBXFileReference; lastKnownFileType = file; path = "Roboto-Medium.ttf"; sourceTree = "<group>"; };
		12F539D81CDA68DC00EF26C9 /* Roboto-Regular.ttf */ = {isa = PBXFileReference; lastKnownFileType = file; path = "Roboto-Regular.ttf"; sourceTree = "<group>"; };
		12F539D91CDA68DC00EF26C9 /* RobotoCondensed-Bold.ttf */ = {isa = PBXFileReference; lastKnownFileType = file; path = "RobotoCondensed-Bold.ttf"; sourceTree = "<group>"; };
		12F539DA1CDA68DC00EF26C9 /* RobotoCondensed-Light.ttf */ = {isa = PBXFileReference; lastKnownFileType = file; path = "RobotoCondensed-Light.ttf"; sourceTree = "<group>"; };
		12F64D8A1CD5B52F007D760C /* HeaderView.swift */ = {isa = PBXFileReference; fileEncoding = 4; lastKnownFileType = sourcecode.swift; path = HeaderView.swift; sourceTree = "<group>"; };
		12F64D8C1CD5B923007D760C /* SearchBar.swift */ = {isa = PBXFileReference; fileEncoding = 4; lastKnownFileType = sourcecode.swift; path = SearchBar.swift; sourceTree = "<group>"; };
		12F64D8E1CD6389C007D760C /* FeatureProductsCnt.swift */ = {isa = PBXFileReference; fileEncoding = 4; lastKnownFileType = sourcecode.swift; path = FeatureProductsCnt.swift; sourceTree = "<group>"; };
		12F64D901CD63A08007D760C /* CXDetailTableViewCell.swift */ = {isa = PBXFileReference; fileEncoding = 4; lastKnownFileType = sourcecode.swift; path = CXDetailTableViewCell.swift; sourceTree = "<group>"; };
		12F75CB21D2CD326009A9F4F /* StickersViewCnt.swift */ = {isa = PBXFileReference; fileEncoding = 4; lastKnownFileType = sourcecode.swift; path = StickersViewCnt.swift; sourceTree = "<group>"; };
		12F859491CD3D80B007BE1D0 /* ProductCollectionCell.swift */ = {isa = PBXFileReference; fileEncoding = 4; lastKnownFileType = sourcecode.swift; path = ProductCollectionCell.swift; sourceTree = "<group>"; };
		12F8594B1CD3DE6E007BE1D0 /* StoreOnGoApp-Bridging-Header.h */ = {isa = PBXFileReference; lastKnownFileType = sourcecode.c.h; path = "StoreOnGoApp-Bridging-Header.h"; sourceTree = SOURCE_ROOT; };
		12F859581CD3E1CD007BE1D0 /* KICamera.png */ = {isa = PBXFileReference; lastKnownFileType = image.png; path = KICamera.png; sourceTree = "<group>"; };
		12F859591CD3E1CD007BE1D0 /* KICamera@2x.png */ = {isa = PBXFileReference; lastKnownFileType = image.png; path = "KICamera@2x.png"; sourceTree = "<group>"; };
		12F8595A1CD3E1CD007BE1D0 /* KIImagePager.h */ = {isa = PBXFileReference; fileEncoding = 4; lastKnownFileType = sourcecode.c.h; path = KIImagePager.h; sourceTree = "<group>"; };
		12F8595B1CD3E1CD007BE1D0 /* KIImagePager.m */ = {isa = PBXFileReference; fileEncoding = 4; lastKnownFileType = sourcecode.c.objc; path = KIImagePager.m; sourceTree = "<group>"; };
		12FBC0121D3CAF3200C8EBFE /* orderItemCell.swift */ = {isa = PBXFileReference; fileEncoding = 4; lastKnownFileType = sourcecode.swift; path = orderItemCell.swift; sourceTree = "<group>"; };
		12FBC0131D3CAF3200C8EBFE /* orderItemCell.xib */ = {isa = PBXFileReference; fileEncoding = 4; lastKnownFileType = file.xib; path = orderItemCell.xib; sourceTree = "<group>"; };
		3B89FEE5B5A058470CE52CD3 /* libPods-StoreOnGoApp.a */ = {isa = PBXFileReference; explicitFileType = archive.ar; includeInIndex = 0; path = "libPods-StoreOnGoApp.a"; sourceTree = BUILT_PRODUCTS_DIR; };
		639A3E67E26A3965EB6B1BC6 /* Pods-StoreOnGoAppUITests.debug.xcconfig */ = {isa = PBXFileReference; includeInIndex = 1; lastKnownFileType = text.xcconfig; name = "Pods-StoreOnGoAppUITests.debug.xcconfig"; path = "Pods/Target Support Files/Pods-StoreOnGoAppUITests/Pods-StoreOnGoAppUITests.debug.xcconfig"; sourceTree = "<group>"; };
		AA01632B1CD2073B00EA1619 /* NV Agencies.app */ = {isa = PBXFileReference; explicitFileType = wrapper.application; includeInIndex = 0; path = "NV Agencies.app"; sourceTree = BUILT_PRODUCTS_DIR; };
		AA01632E1CD2073B00EA1619 /* AppDelegate.swift */ = {isa = PBXFileReference; lastKnownFileType = sourcecode.swift; path = AppDelegate.swift; sourceTree = "<group>"; };
		AA0163301CD2073B00EA1619 /* ViewController.swift */ = {isa = PBXFileReference; lastKnownFileType = sourcecode.swift; path = ViewController.swift; sourceTree = "<group>"; };
		AA0163331CD2073B00EA1619 /* Base */ = {isa = PBXFileReference; lastKnownFileType = file.storyboard; name = Base; path = Base.lproj/Main.storyboard; sourceTree = "<group>"; };
		AA0163381CD2073B00EA1619 /* Assets.xcassets */ = {isa = PBXFileReference; lastKnownFileType = folder.assetcatalog; path = Assets.xcassets; sourceTree = "<group>"; };
		AA01633D1CD2073B00EA1619 /* Info.plist */ = {isa = PBXFileReference; lastKnownFileType = text.plist.xml; path = Info.plist; sourceTree = "<group>"; };
		AA0163421CD2073B00EA1619 /* StoreOnGoAppTests.xctest */ = {isa = PBXFileReference; explicitFileType = wrapper.cfbundle; includeInIndex = 0; path = StoreOnGoAppTests.xctest; sourceTree = BUILT_PRODUCTS_DIR; };
		AA0163461CD2073B00EA1619 /* StoreOnGoAppTests.swift */ = {isa = PBXFileReference; lastKnownFileType = sourcecode.swift; path = StoreOnGoAppTests.swift; sourceTree = "<group>"; };
		AA0163481CD2073B00EA1619 /* Info.plist */ = {isa = PBXFileReference; lastKnownFileType = text.plist.xml; path = Info.plist; sourceTree = "<group>"; };
		AA01634D1CD2073B00EA1619 /* StoreOnGoAppUITests.xctest */ = {isa = PBXFileReference; explicitFileType = wrapper.cfbundle; includeInIndex = 0; path = StoreOnGoAppUITests.xctest; sourceTree = BUILT_PRODUCTS_DIR; };
		AA0163511CD2073B00EA1619 /* StoreOnGoAppUITests.swift */ = {isa = PBXFileReference; lastKnownFileType = sourcecode.swift; path = StoreOnGoAppUITests.swift; sourceTree = "<group>"; };
		AA0163531CD2073B00EA1619 /* Info.plist */ = {isa = PBXFileReference; lastKnownFileType = text.plist.xml; path = Info.plist; sourceTree = "<group>"; };
		AA0163631CD20BE900EA1619 /* CXDBSettings.swift */ = {isa = PBXFileReference; fileEncoding = 4; lastKnownFileType = sourcecode.swift; path = CXDBSettings.swift; sourceTree = "<group>"; };
		AA0163661CD20C0F00EA1619 /* CXConstant.swift */ = {isa = PBXFileReference; fileEncoding = 4; lastKnownFileType = sourcecode.swift; path = CXConstant.swift; sourceTree = "<group>"; };
		AA0163791CD20E1400EA1619 /* SMSyncService.swift */ = {isa = PBXFileReference; fileEncoding = 4; lastKnownFileType = sourcecode.swift; path = SMSyncService.swift; sourceTree = "<group>"; };
		AA5A46921CE0C2CA007E01A4 /* MapKit.framework */ = {isa = PBXFileReference; lastKnownFileType = wrapper.framework; name = MapKit.framework; path = System/Library/Frameworks/MapKit.framework; sourceTree = SDKROOT; };
		AA5A46941CE0C326007E01A4 /* Station.swift */ = {isa = PBXFileReference; fileEncoding = 4; lastKnownFileType = sourcecode.swift; path = Station.swift; sourceTree = "<group>"; };
		AA65A7291CF71D7D00696A63 /* AutocompleteField.swift */ = {isa = PBXFileReference; fileEncoding = 4; lastKnownFileType = sourcecode.swift; path = AutocompleteField.swift; sourceTree = "<group>"; };
		AA65A72B1CF7354800696A63 /* UserDetailsCnt.swift */ = {isa = PBXFileReference; fileEncoding = 4; lastKnownFileType = sourcecode.swift; path = UserDetailsCnt.swift; sourceTree = "<group>"; };
		AA811DFA1CFC7ACC00A13F98 /* JSONKit.h */ = {isa = PBXFileReference; fileEncoding = 4; lastKnownFileType = sourcecode.c.h; path = JSONKit.h; sourceTree = "<group>"; };
		AA811DFB1CFC7ACC00A13F98 /* JSONKit.m */ = {isa = PBXFileReference; fileEncoding = 4; lastKnownFileType = sourcecode.c.objc; path = JSONKit.m; sourceTree = "<group>"; };
		AAF679321CD2644F001E1238 /* CXDetailCollectionViewCell.swift */ = {isa = PBXFileReference; fileEncoding = 4; lastKnownFileType = sourcecode.swift; path = CXDetailCollectionViewCell.swift; sourceTree = "<group>"; };
		E325A9DD4C7D9F06B5210077 /* Pods_StoreOnGoAppUITests.framework */ = {isa = PBXFileReference; explicitFileType = wrapper.framework; includeInIndex = 0; path = Pods_StoreOnGoAppUITests.framework; sourceTree = BUILT_PRODUCTS_DIR; };
		F1D4A9304C6D9CB12D45FA79 /* Pods-StoreOnGoApp.release.xcconfig */ = {isa = PBXFileReference; includeInIndex = 1; lastKnownFileType = text.xcconfig; name = "Pods-StoreOnGoApp.release.xcconfig"; path = "Pods/Target Support Files/Pods-StoreOnGoApp/Pods-StoreOnGoApp.release.xcconfig"; sourceTree = "<group>"; };
		F912ACE886EAFA7466710239 /* Pods-StoreOnGoApp.debug.xcconfig */ = {isa = PBXFileReference; includeInIndex = 1; lastKnownFileType = text.xcconfig; name = "Pods-StoreOnGoApp.debug.xcconfig"; path = "Pods/Target Support Files/Pods-StoreOnGoApp/Pods-StoreOnGoApp.debug.xcconfig"; sourceTree = "<group>"; };
/* End PBXFileReference section */

/* Begin PBXFrameworksBuildPhase section */
		AA0163281CD2073B00EA1619 /* Frameworks */ = {
			isa = PBXFrameworksBuildPhase;
			buildActionMask = 2147483647;
			files = (
				AA5A46931CE0C2CA007E01A4 /* MapKit.framework in Frameworks */,
				DD294C7579384ECEDC306916 /* libPods-StoreOnGoApp.a in Frameworks */,
			);
			runOnlyForDeploymentPostprocessing = 0;
		};
		AA01633F1CD2073B00EA1619 /* Frameworks */ = {
			isa = PBXFrameworksBuildPhase;
			buildActionMask = 2147483647;
			files = (
			);
			runOnlyForDeploymentPostprocessing = 0;
		};
		AA01634A1CD2073B00EA1619 /* Frameworks */ = {
			isa = PBXFrameworksBuildPhase;
			buildActionMask = 2147483647;
			files = (
				AAFDDAA68C54C910736A9062 /* Pods_StoreOnGoAppUITests.framework in Frameworks */,
			);
			runOnlyForDeploymentPostprocessing = 0;
		};
/* End PBXFrameworksBuildPhase section */

/* Begin PBXGroup section */
		120F3F2F1CD877F100376275 /* Resources */ = {
			isa = PBXGroup;
			children = (
				122329D41CF544EC00E93066 /* P3rdLevelCategories.txt */,
				122329D51CF544EC00E93066 /* sticker.txt */,
				121EA63D1CDB171B00A69A4C /* miscellaneous.txt */,
				121EA6411CDB186100A69A4C /* productslist.txt */,
				121EA63E1CDB171B00A69A4C /* subcate.txt */,
				12F539D21CDA68C300EF26C9 /* Fonts */,
			);
			name = Resources;
			sourceTree = "<group>";
		};
		12100C321CD91C1D00A44C0D /* HeaderCell */ = {
			isa = PBXGroup;
			children = (
				12FD98F21CE1061A00C39F52 /* ProductsCells */,
				12100C331CD91C5E00A44C0D /* ProductHeaderCell.swift */,
				12F42B801D11053600C3BA63 /* CX_StickerCell.swift */,
				12F42B811D11053600C3BA63 /* CX_StickerCell.xib */,
			);
			name = HeaderCell;
			sourceTree = "<group>";
		};
		121EA6431CDB21A600A69A4C /* TabPager */ = {
			isa = PBXGroup;
			children = (
			);
			name = TabPager;
			sourceTree = "<group>";
		};
		1220DCD71CD4DC7900A78C3B /* ThirdParty */ = {
			isa = PBXGroup;
			children = (
				AA811DF91CFC7AC300A13F98 /* Json */,
				12EF6BDA1CFB485F009E17B6 /* EGOCache.h */,
				12EF6BDB1CFB485F009E17B6 /* EGOCache.m */,
				12EF6BD41CFAF0C7009E17B6 /* MIBadgeButton.h */,
				12EF6BD51CFAF0C7009E17B6 /* MIBadgeButton.m */,
				12EF6BD61CFAF0C7009E17B6 /* MIBadgeLabel.h */,
				12EF6BD71CFAF0C7009E17B6 /* MIBadgeLabel.m */,
				128564D11CE75CD0006210EA /* MIBadgeButton.swift */,
				12F10A2B1CDEF291007C8F5B /* PageCntl */,
				12F859581CD3E1CD007BE1D0 /* KICamera.png */,
				12F859591CD3E1CD007BE1D0 /* KICamera@2x.png */,
				12F8595A1CD3E1CD007BE1D0 /* KIImagePager.h */,
				12F8595B1CD3E1CD007BE1D0 /* KIImagePager.m */,
			);
			name = ThirdParty;
			sourceTree = "<group>";
		};
		128564D51CE8A67F006210EA /* Cart */ = {
			isa = PBXGroup;
			children = (
				128564D31CE7635B006210EA /* CartViewCntl.swift */,
				128564D61CE8A6B1006210EA /* CartITemCell.swift */,
				AA65A72B1CF7354800696A63 /* UserDetailsCnt.swift */,
				12FBC0121D3CAF3200C8EBFE /* orderItemCell.swift */,
				12FBC0131D3CAF3200C8EBFE /* orderItemCell.xib */,
			);
			name = Cart;
			sourceTree = "<group>";
		};
		12F10A2B1CDEF291007C8F5B /* PageCntl */ = {
			isa = PBXGroup;
			children = (
			);
			name = PageCntl;
			sourceTree = "<group>";
		};
		12F539D21CDA68C300EF26C9 /* Fonts */ = {
			isa = PBXGroup;
			children = (
				12F539D31CDA68DC00EF26C9 /* Roboto-Black.ttf */,
				12F539D41CDA68DC00EF26C9 /* Roboto-Bold.ttf */,
				12F539D51CDA68DC00EF26C9 /* Roboto-Italic.ttf */,
				12F539D61CDA68DC00EF26C9 /* Roboto-Light.ttf */,
				12F539D71CDA68DC00EF26C9 /* Roboto-Medium.ttf */,
				12F539D81CDA68DC00EF26C9 /* Roboto-Regular.ttf */,
				12F539D91CDA68DC00EF26C9 /* RobotoCondensed-Bold.ttf */,
				12F539DA1CDA68DC00EF26C9 /* RobotoCondensed-Light.ttf */,
			);
			name = Fonts;
			sourceTree = "<group>";
		};
		12F75CB11D2CD284009A9F4F /* Stickers */ = {
			isa = PBXGroup;
			children = (
				12F75CB21D2CD326009A9F4F /* StickersViewCnt.swift */,
				1216D8871D3108DE0040F1E7 /* StickerDetails.swift */,
				1216D8891D3125880040F1E7 /* StickerDetailCell.swift */,
				1216D88A1D3125880040F1E7 /* StickerDetailCell.xib */,
			);
			name = Stickers;
			sourceTree = "<group>";
		};
		12FD98F21CE1061A00C39F52 /* ProductsCells */ = {
			isa = PBXGroup;
			children = (
			);
			name = ProductsCells;
			sourceTree = "<group>";
		};
		1B7749A9A6B71BB821339F46 /* Pods */ = {
			isa = PBXGroup;
			children = (
				F912ACE886EAFA7466710239 /* Pods-StoreOnGoApp.debug.xcconfig */,
				F1D4A9304C6D9CB12D45FA79 /* Pods-StoreOnGoApp.release.xcconfig */,
				639A3E67E26A3965EB6B1BC6 /* Pods-StoreOnGoAppUITests.debug.xcconfig */,
				0145B61FE9DB76F9CCDB4E70 /* Pods-StoreOnGoAppUITests.release.xcconfig */,
			);
			name = Pods;
			sourceTree = "<group>";
		};
		AA0163221CD2073B00EA1619 = {
			isa = PBXGroup;
			children = (
				AA01632D1CD2073B00EA1619 /* StoreOnGoApp */,
				AA0163451CD2073B00EA1619 /* StoreOnGoAppTests */,
				AA0163501CD2073B00EA1619 /* StoreOnGoAppUITests */,
				AA01632C1CD2073B00EA1619 /* Products */,
				1B7749A9A6B71BB821339F46 /* Pods */,
				ABFC5783A464FCA6DBC068CB /* Frameworks */,
			);
			sourceTree = "<group>";
		};
		AA01632C1CD2073B00EA1619 /* Products */ = {
			isa = PBXGroup;
			children = (
				AA01632B1CD2073B00EA1619 /* NV Agencies.app */,
				AA0163421CD2073B00EA1619 /* StoreOnGoAppTests.xctest */,
				AA01634D1CD2073B00EA1619 /* StoreOnGoAppUITests.xctest */,
			);
			name = Products;
			sourceTree = "<group>";
		};
		AA01632D1CD2073B00EA1619 /* StoreOnGoApp */ = {
			isa = PBXGroup;
			children = (
				121EA6431CDB21A600A69A4C /* TabPager */,
				120F3F2F1CD877F100376275 /* Resources */,
				1220DCD71CD4DC7900A78C3B /* ThirdParty */,
				AA0163611CD20BC300EA1619 /* Controller */,
				AA0163601CD20BBE00EA1619 /* View */,
				AA01635F1CD20BB500EA1619 /* Model */,
				AA01632E1CD2073B00EA1619 /* AppDelegate.swift */,
				AA0163321CD2073B00EA1619 /* Main.storyboard */,
				AA0163381CD2073B00EA1619 /* Assets.xcassets */,
				AA01633D1CD2073B00EA1619 /* Info.plist */,
				12F8594B1CD3DE6E007BE1D0 /* StoreOnGoApp-Bridging-Header.h */,
			);
			path = StoreOnGoApp;
			sourceTree = "<group>";
		};
		AA0163451CD2073B00EA1619 /* StoreOnGoAppTests */ = {
			isa = PBXGroup;
			children = (
				AA0163461CD2073B00EA1619 /* StoreOnGoAppTests.swift */,
				AA0163481CD2073B00EA1619 /* Info.plist */,
			);
			path = StoreOnGoAppTests;
			sourceTree = "<group>";
		};
		AA0163501CD2073B00EA1619 /* StoreOnGoAppUITests */ = {
			isa = PBXGroup;
			children = (
				AA0163511CD2073B00EA1619 /* StoreOnGoAppUITests.swift */,
				AA0163531CD2073B00EA1619 /* Info.plist */,
			);
			path = StoreOnGoAppUITests;
			sourceTree = "<group>";
		};
		AA01635F1CD20BB500EA1619 /* Model */ = {
			isa = PBXGroup;
			children = (
				AA0163781CD20E0800EA1619 /* Services */,
				AA01636B1CD20D6D00EA1619 /* manageObjects */,
				AA0163651CD20BFA00EA1619 /* Constants */,
				AA0163621CD20BD500EA1619 /* DB */,
				126F82671CDF6F24003C3DE4 /* StoreOnGoData.xcdatamodeld */,
			);
			name = Model;
			sourceTree = "<group>";
		};
		AA0163601CD20BBE00EA1619 /* View */ = {
			isa = PBXGroup;
			children = (
				AA65A7291CF71D7D00696A63 /* AutocompleteField.swift */,
				12100C321CD91C1D00A44C0D /* HeaderCell */,
				12F64D901CD63A08007D760C /* CXDetailTableViewCell.swift */,
				12F859491CD3D80B007BE1D0 /* ProductCollectionCell.swift */,
				1202FB0A1CD323D400EF8F5B /* HomeCollectionViewCell.swift */,
				12F64D8A1CD5B52F007D760C /* HeaderView.swift */,
				12F64D8C1CD5B923007D760C /* SearchBar.swift */,
				122805961CDE3C0D000343AC /* LoadingView.swift */,
				12C91DE11CFAB70B001AD55A /* CXHeaderView.h */,
				12C91DE21CFAB70B001AD55A /* CXHeaderView.m */,
			);
			name = View;
			sourceTree = "<group>";
		};
		AA0163611CD20BC300EA1619 /* Controller */ = {
			isa = PBXGroup;
			children = (
				12F75CB11D2CD284009A9F4F /* Stickers */,
				128564D51CE8A67F006210EA /* Cart */,
				AAF679321CD2644F001E1238 /* CXDetailCollectionViewCell.swift */,
				AA0163301CD2073B00EA1619 /* ViewController.swift */,
				1202FB0C1CD3298B00EF8F5B /* ProductsCnt.swift */,
				12F64D8E1CD6389C007D760C /* FeatureProductsCnt.swift */,
				12100C301CD90F1900A44C0D /* ProductListCntl.swift */,
				12F10A291CDEF23D007C8F5B /* ProductHomeCntl.swift */,
				12F10A311CDF0C9B007C8F5B /* AboutUsViewCnt.swift */,
				12F10A331CDF0E0F007C8F5B /* MapViewCntl.swift */,
				AA5A46941CE0C326007E01A4 /* Station.swift */,
				12F42B7E1D11021400C3BA63 /* CX_CollectionViewController.swift */,
			);
			name = Controller;
			sourceTree = "<group>";
		};
		AA0163621CD20BD500EA1619 /* DB */ = {
			isa = PBXGroup;
			children = (
				AA0163631CD20BE900EA1619 /* CXDBSettings.swift */,
				12C96E9B1CD51E9200E42A78 /* CX_AppData.swift */,
			);
			name = DB;
			sourceTree = "<group>";
		};
		AA0163651CD20BFA00EA1619 /* Constants */ = {
			isa = PBXGroup;
			children = (
				AA0163661CD20C0F00EA1619 /* CXConstant.swift */,
			);
			name = Constants;
			sourceTree = "<group>";
		};
		AA01636B1CD20D6D00EA1619 /* manageObjects */ = {
			isa = PBXGroup;
			children = (
				1213110F1CF413F7003DFCE2 /* CX_Cart+CoreDataProperties.swift */,
				121311101CF413F7003DFCE2 /* CX_Cart.swift */,
				126F826A1CDF6F57003C3DE4 /* CX_Products+CoreDataProperties.swift */,
				126F826B1CDF6F57003C3DE4 /* CX_Products.swift */,
				126F826C1CDF6F57003C3DE4 /* TABLE_PRODUCT_SUB_CATEGORIES+CoreDataProperties.swift */,
				126F826D1CDF6F57003C3DE4 /* TABLE_PRODUCT_SUB_CATEGORIES.swift */,
				126F826E1CDF6F57003C3DE4 /* CX_Product_Category+CoreDataProperties.swift */,
				126F826F1CDF6F57003C3DE4 /* CX_Product_Category.swift */,
				126F82701CDF6F57003C3DE4 /* CX_FeaturedProducts+CoreDataProperties.swift */,
				126F82711CDF6F57003C3DE4 /* CX_FeaturedProducts.swift */,
				126F82721CDF6F57003C3DE4 /* CX_Stores+CoreDataProperties.swift */,
				126F82731CDF6F57003C3DE4 /* CX_Stores.swift */,
			);
			name = manageObjects;
			sourceTree = "<group>";
		};
		AA0163781CD20E0800EA1619 /* Services */ = {
			isa = PBXGroup;
			children = (
				AA0163791CD20E1400EA1619 /* SMSyncService.swift */,
			);
			name = Services;
			sourceTree = "<group>";
		};
		AA811DF91CFC7AC300A13F98 /* Json */ = {
			isa = PBXGroup;
			children = (
				AA811DFA1CFC7ACC00A13F98 /* JSONKit.h */,
				AA811DFB1CFC7ACC00A13F98 /* JSONKit.m */,
			);
			name = Json;
			sourceTree = "<group>";
		};
		ABFC5783A464FCA6DBC068CB /* Frameworks */ = {
			isa = PBXGroup;
			children = (
				AA5A46921CE0C2CA007E01A4 /* MapKit.framework */,
				E325A9DD4C7D9F06B5210077 /* Pods_StoreOnGoAppUITests.framework */,
				3B89FEE5B5A058470CE52CD3 /* libPods-StoreOnGoApp.a */,
			);
			name = Frameworks;
			sourceTree = "<group>";
		};
/* End PBXGroup section */

/* Begin PBXNativeTarget section */
		AA01632A1CD2073B00EA1619 /* StoreOnGoApp */ = {
			isa = PBXNativeTarget;
			buildConfigurationList = AA0163561CD2073B00EA1619 /* Build configuration list for PBXNativeTarget "StoreOnGoApp" */;
			buildPhases = (
				2B0849479192174B8D3096F3 /* Check Pods Manifest.lock */,
				AA0163271CD2073B00EA1619 /* Sources */,
				AA0163281CD2073B00EA1619 /* Frameworks */,
				AA0163291CD2073B00EA1619 /* Resources */,
				4D227E75E49B2A2AEA7F16E3 /* Embed Pods Frameworks */,
				A0805DD9178447DEADC7AC9A /* Copy Pods Resources */,
			);
			buildRules = (
			);
			dependencies = (
			);
			name = StoreOnGoApp;
			productName = StoreOnGoApp;
			productReference = AA01632B1CD2073B00EA1619 /* NV Agencies.app */;
			productType = "com.apple.product-type.application";
		};
		AA0163411CD2073B00EA1619 /* StoreOnGoAppTests */ = {
			isa = PBXNativeTarget;
			buildConfigurationList = AA0163591CD2073B00EA1619 /* Build configuration list for PBXNativeTarget "StoreOnGoAppTests" */;
			buildPhases = (
				AA01633E1CD2073B00EA1619 /* Sources */,
				AA01633F1CD2073B00EA1619 /* Frameworks */,
				AA0163401CD2073B00EA1619 /* Resources */,
			);
			buildRules = (
			);
			dependencies = (
				AA0163441CD2073B00EA1619 /* PBXTargetDependency */,
			);
			name = StoreOnGoAppTests;
			productName = StoreOnGoAppTests;
			productReference = AA0163421CD2073B00EA1619 /* StoreOnGoAppTests.xctest */;
			productType = "com.apple.product-type.bundle.unit-test";
		};
		AA01634C1CD2073B00EA1619 /* StoreOnGoAppUITests */ = {
			isa = PBXNativeTarget;
			buildConfigurationList = AA01635C1CD2073B00EA1619 /* Build configuration list for PBXNativeTarget "StoreOnGoAppUITests" */;
			buildPhases = (
				E7FC70BA74F4282A3025BAF7 /* Check Pods Manifest.lock */,
				AA0163491CD2073B00EA1619 /* Sources */,
				AA01634A1CD2073B00EA1619 /* Frameworks */,
				AA01634B1CD2073B00EA1619 /* Resources */,
				EB43BDEF3424A2489541632D /* Copy Pods Resources */,
			);
			buildRules = (
			);
			dependencies = (
				AA01634F1CD2073B00EA1619 /* PBXTargetDependency */,
			);
			name = StoreOnGoAppUITests;
			productName = StoreOnGoAppUITests;
			productReference = AA01634D1CD2073B00EA1619 /* StoreOnGoAppUITests.xctest */;
			productType = "com.apple.product-type.bundle.ui-testing";
		};
/* End PBXNativeTarget section */

/* Begin PBXProject section */
		AA0163231CD2073B00EA1619 /* Project object */ = {
			isa = PBXProject;
			attributes = {
				LastSwiftUpdateCheck = 0720;
				LastUpgradeCheck = 0720;
				ORGANIZATIONNAME = CX;
				TargetAttributes = {
					AA01632A1CD2073B00EA1619 = {
						CreatedOnToolsVersion = 7.2.1;
					};
					AA0163411CD2073B00EA1619 = {
						CreatedOnToolsVersion = 7.2.1;
						TestTargetID = AA01632A1CD2073B00EA1619;
					};
					AA01634C1CD2073B00EA1619 = {
						CreatedOnToolsVersion = 7.2.1;
						TestTargetID = AA01632A1CD2073B00EA1619;
					};
				};
			};
			buildConfigurationList = AA0163261CD2073B00EA1619 /* Build configuration list for PBXProject "StoreOnGoApp" */;
			compatibilityVersion = "Xcode 3.2";
			developmentRegion = English;
			hasScannedForEncodings = 0;
			knownRegions = (
				en,
				Base,
			);
			mainGroup = AA0163221CD2073B00EA1619;
			productRefGroup = AA01632C1CD2073B00EA1619 /* Products */;
			projectDirPath = "";
			projectRoot = "";
			targets = (
				AA01632A1CD2073B00EA1619 /* StoreOnGoApp */,
				AA0163411CD2073B00EA1619 /* StoreOnGoAppTests */,
				AA01634C1CD2073B00EA1619 /* StoreOnGoAppUITests */,
			);
		};
/* End PBXProject section */

/* Begin PBXResourcesBuildPhase section */
		AA0163291CD2073B00EA1619 /* Resources */ = {
			isa = PBXResourcesBuildPhase;
			buildActionMask = 2147483647;
			files = (
				12F42B831D11053600C3BA63 /* CX_StickerCell.xib in Resources */,
				12F9FC181CF76316004FE1F7 /* Roboto-Black.ttf in Resources */,
				12F9FC191CF76316004FE1F7 /* Roboto-Bold.ttf in Resources */,
				1216D88C1D3125880040F1E7 /* StickerDetailCell.xib in Resources */,
				12F9FC1A1CF76316004FE1F7 /* Roboto-Italic.ttf in Resources */,
				12FBC0151D3CAF3200C8EBFE /* orderItemCell.xib in Resources */,
				12F9FC1B1CF76316004FE1F7 /* Roboto-Light.ttf in Resources */,
				12F9FC1C1CF76316004FE1F7 /* Roboto-Medium.ttf in Resources */,
				12F9FC1D1CF76316004FE1F7 /* Roboto-Regular.ttf in Resources */,
				12F9FC1E1CF76316004FE1F7 /* RobotoCondensed-Bold.ttf in Resources */,
				12F9FC1F1CF76316004FE1F7 /* RobotoCondensed-Light.ttf in Resources */,
				122329D61CF544EC00E93066 /* P3rdLevelCategories.txt in Resources */,
				121EA6401CDB171B00A69A4C /* subcate.txt in Resources */,
				12F8595D1CD3E1CD007BE1D0 /* KICamera@2x.png in Resources */,
				12F8595C1CD3E1CD007BE1D0 /* KICamera.png in Resources */,
				AA0163391CD2073B00EA1619 /* Assets.xcassets in Resources */,
				AA0163341CD2073B00EA1619 /* Main.storyboard in Resources */,
				121EA6421CDB186100A69A4C /* productslist.txt in Resources */,
				122329D71CF544EC00E93066 /* sticker.txt in Resources */,
				121EA63F1CDB171B00A69A4C /* miscellaneous.txt in Resources */,
			);
			runOnlyForDeploymentPostprocessing = 0;
		};
		AA0163401CD2073B00EA1619 /* Resources */ = {
			isa = PBXResourcesBuildPhase;
			buildActionMask = 2147483647;
			files = (
			);
			runOnlyForDeploymentPostprocessing = 0;
		};
		AA01634B1CD2073B00EA1619 /* Resources */ = {
			isa = PBXResourcesBuildPhase;
			buildActionMask = 2147483647;
			files = (
			);
			runOnlyForDeploymentPostprocessing = 0;
		};
/* End PBXResourcesBuildPhase section */

/* Begin PBXShellScriptBuildPhase section */
		2B0849479192174B8D3096F3 /* Check Pods Manifest.lock */ = {
			isa = PBXShellScriptBuildPhase;
			buildActionMask = 2147483647;
			files = (
			);
			inputPaths = (
			);
			name = "Check Pods Manifest.lock";
			outputPaths = (
			);
			runOnlyForDeploymentPostprocessing = 0;
			shellPath = /bin/sh;
			shellScript = "diff \"${PODS_ROOT}/../Podfile.lock\" \"${PODS_ROOT}/Manifest.lock\" > /dev/null\nif [[ $? != 0 ]] ; then\n    cat << EOM\nerror: The sandbox is not in sync with the Podfile.lock. Run 'pod install' or update your CocoaPods installation.\nEOM\n    exit 1\nfi\n";
			showEnvVarsInLog = 0;
		};
		4D227E75E49B2A2AEA7F16E3 /* Embed Pods Frameworks */ = {
			isa = PBXShellScriptBuildPhase;
			buildActionMask = 2147483647;
			files = (
			);
			inputPaths = (
			);
			name = "Embed Pods Frameworks";
			outputPaths = (
			);
			runOnlyForDeploymentPostprocessing = 0;
			shellPath = /bin/sh;
			shellScript = "\"${SRCROOT}/Pods/Target Support Files/Pods-StoreOnGoApp/Pods-StoreOnGoApp-frameworks.sh\"\n";
			showEnvVarsInLog = 0;
		};
		A0805DD9178447DEADC7AC9A /* Copy Pods Resources */ = {
			isa = PBXShellScriptBuildPhase;
			buildActionMask = 2147483647;
			files = (
			);
			inputPaths = (
			);
			name = "Copy Pods Resources";
			outputPaths = (
			);
			runOnlyForDeploymentPostprocessing = 0;
			shellPath = /bin/sh;
			shellScript = "\"${SRCROOT}/Pods/Target Support Files/Pods-StoreOnGoApp/Pods-StoreOnGoApp-resources.sh\"\n";
			showEnvVarsInLog = 0;
		};
		E7FC70BA74F4282A3025BAF7 /* Check Pods Manifest.lock */ = {
			isa = PBXShellScriptBuildPhase;
			buildActionMask = 2147483647;
			files = (
			);
			inputPaths = (
			);
			name = "Check Pods Manifest.lock";
			outputPaths = (
			);
			runOnlyForDeploymentPostprocessing = 0;
			shellPath = /bin/sh;
			shellScript = "diff \"${PODS_ROOT}/../Podfile.lock\" \"${PODS_ROOT}/Manifest.lock\" > /dev/null\nif [[ $? != 0 ]] ; then\n    cat << EOM\nerror: The sandbox is not in sync with the Podfile.lock. Run 'pod install' or update your CocoaPods installation.\nEOM\n    exit 1\nfi\n";
			showEnvVarsInLog = 0;
		};
		EB43BDEF3424A2489541632D /* Copy Pods Resources */ = {
			isa = PBXShellScriptBuildPhase;
			buildActionMask = 2147483647;
			files = (
			);
			inputPaths = (
			);
			name = "Copy Pods Resources";
			outputPaths = (
			);
			runOnlyForDeploymentPostprocessing = 0;
			shellPath = /bin/sh;
			shellScript = "\"${SRCROOT}/Pods/Target Support Files/Pods-StoreOnGoAppUITests/Pods-StoreOnGoAppUITests-resources.sh\"\n";
			showEnvVarsInLog = 0;
		};
/* End PBXShellScriptBuildPhase section */

/* Begin PBXSourcesBuildPhase section */
		AA0163271CD2073B00EA1619 /* Sources */ = {
			isa = PBXSourcesBuildPhase;
			buildActionMask = 2147483647;
			files = (
				126F82771CDF6F57003C3DE4 /* TABLE_PRODUCT_SUB_CATEGORIES.swift in Sources */,
				126F82691CDF6F24003C3DE4 /* StoreOnGoData.xcdatamodeld in Sources */,
				126F82761CDF6F57003C3DE4 /* TABLE_PRODUCT_SUB_CATEGORIES+CoreDataProperties.swift in Sources */,
				AA0163311CD2073B00EA1619 /* ViewController.swift in Sources */,
				12C96E9C1CD51E9200E42A78 /* CX_AppData.swift in Sources */,
				128564D21CE75CD0006210EA /* MIBadgeButton.swift in Sources */,
				121311121CF413F7003DFCE2 /* CX_Cart.swift in Sources */,
				12F42B821D11053600C3BA63 /* CX_StickerCell.swift in Sources */,
				1202FB0D1CD3298B00EF8F5B /* ProductsCnt.swift in Sources */,
				12EF6BDC1CFB485F009E17B6 /* EGOCache.m in Sources */,
				12F42B7F1D11021400C3BA63 /* CX_CollectionViewController.swift in Sources */,
				AA01637A1CD20E1400EA1619 /* SMSyncService.swift in Sources */,
				126F827A1CDF6F57003C3DE4 /* CX_FeaturedProducts+CoreDataProperties.swift in Sources */,
				126F827D1CDF6F57003C3DE4 /* CX_Stores.swift in Sources */,
				1216D88B1D3125880040F1E7 /* StickerDetailCell.swift in Sources */,
				12F64D8B1CD5B52F007D760C /* HeaderView.swift in Sources */,
				AAF679331CD2644F001E1238 /* CXDetailCollectionViewCell.swift in Sources */,
				12F8595E1CD3E1CD007BE1D0 /* KIImagePager.m in Sources */,
				126F827B1CDF6F57003C3DE4 /* CX_FeaturedProducts.swift in Sources */,
				12EF6BD91CFAF0C7009E17B6 /* MIBadgeLabel.m in Sources */,
				12100C341CD91C5E00A44C0D /* ProductHeaderCell.swift in Sources */,
				12C91DE31CFAB70B001AD55A /* CXHeaderView.m in Sources */,
				12EF6BD81CFAF0C7009E17B6 /* MIBadgeButton.m in Sources */,
				AA0163671CD20C0F00EA1619 /* CXConstant.swift in Sources */,
				128564D41CE7635B006210EA /* CartViewCntl.swift in Sources */,
				12F75CB31D2CD326009A9F4F /* StickersViewCnt.swift in Sources */,
				12F10A341CDF0E0F007C8F5B /* MapViewCntl.swift in Sources */,
				128564D71CE8A6B1006210EA /* CartITemCell.swift in Sources */,
				126F82791CDF6F57003C3DE4 /* CX_Product_Category.swift in Sources */,
				AA01632F1CD2073B00EA1619 /* AppDelegate.swift in Sources */,
				126F82751CDF6F57003C3DE4 /* CX_Products.swift in Sources */,
				AA5A46951CE0C326007E01A4 /* Station.swift in Sources */,
				12F8594A1CD3D80B007BE1D0 /* ProductCollectionCell.swift in Sources */,
				AA811DFC1CFC7ACC00A13F98 /* JSONKit.m in Sources */,
				12F10A321CDF0C9B007C8F5B /* AboutUsViewCnt.swift in Sources */,
				12F10A2A1CDEF23D007C8F5B /* ProductHomeCntl.swift in Sources */,
				AA65A72A1CF71D7D00696A63 /* AutocompleteField.swift in Sources */,
				126F82741CDF6F57003C3DE4 /* CX_Products+CoreDataProperties.swift in Sources */,
				AA0163641CD20BE900EA1619 /* CXDBSettings.swift in Sources */,
				12F64D911CD63A08007D760C /* CXDetailTableViewCell.swift in Sources */,
				12100C311CD90F1900A44C0D /* ProductListCntl.swift in Sources */,
				126F827C1CDF6F57003C3DE4 /* CX_Stores+CoreDataProperties.swift in Sources */,
				AA65A72D1CF7354800696A63 /* UserDetailsCnt.swift in Sources */,
				121311111CF413F7003DFCE2 /* CX_Cart+CoreDataProperties.swift in Sources */,
				12F64D8D1CD5B923007D760C /* SearchBar.swift in Sources */,
				122805971CDE3C0D000343AC /* LoadingView.swift in Sources */,
				1202FB0B1CD323D400EF8F5B /* HomeCollectionViewCell.swift in Sources */,
				126F82781CDF6F57003C3DE4 /* CX_Product_Category+CoreDataProperties.swift in Sources */,
				12F64D8F1CD6389C007D760C /* FeatureProductsCnt.swift in Sources */,
				1216D8881D3108DE0040F1E7 /* StickerDetails.swift in Sources */,
				12FBC0141D3CAF3200C8EBFE /* orderItemCell.swift in Sources */,
			);
			runOnlyForDeploymentPostprocessing = 0;
		};
		AA01633E1CD2073B00EA1619 /* Sources */ = {
			isa = PBXSourcesBuildPhase;
			buildActionMask = 2147483647;
			files = (
				AA0163471CD2073B00EA1619 /* StoreOnGoAppTests.swift in Sources */,
			);
			runOnlyForDeploymentPostprocessing = 0;
		};
		AA0163491CD2073B00EA1619 /* Sources */ = {
			isa = PBXSourcesBuildPhase;
			buildActionMask = 2147483647;
			files = (
				AA0163521CD2073B00EA1619 /* StoreOnGoAppUITests.swift in Sources */,
			);
			runOnlyForDeploymentPostprocessing = 0;
		};
/* End PBXSourcesBuildPhase section */

/* Begin PBXTargetDependency section */
		AA0163441CD2073B00EA1619 /* PBXTargetDependency */ = {
			isa = PBXTargetDependency;
			target = AA01632A1CD2073B00EA1619 /* StoreOnGoApp */;
			targetProxy = AA0163431CD2073B00EA1619 /* PBXContainerItemProxy */;
		};
		AA01634F1CD2073B00EA1619 /* PBXTargetDependency */ = {
			isa = PBXTargetDependency;
			target = AA01632A1CD2073B00EA1619 /* StoreOnGoApp */;
			targetProxy = AA01634E1CD2073B00EA1619 /* PBXContainerItemProxy */;
		};
/* End PBXTargetDependency section */

/* Begin PBXVariantGroup section */
		AA0163321CD2073B00EA1619 /* Main.storyboard */ = {
			isa = PBXVariantGroup;
			children = (
				AA0163331CD2073B00EA1619 /* Base */,
			);
			name = Main.storyboard;
			sourceTree = "<group>";
		};
/* End PBXVariantGroup section */

/* Begin XCBuildConfiguration section */
		AA0163541CD2073B00EA1619 /* Debug */ = {
			isa = XCBuildConfiguration;
			buildSettings = {
				ALWAYS_SEARCH_USER_PATHS = NO;
				CLANG_CXX_LANGUAGE_STANDARD = "gnu++0x";
				CLANG_CXX_LIBRARY = "libc++";
				CLANG_ENABLE_MODULES = YES;
				CLANG_ENABLE_OBJC_ARC = YES;
				CLANG_WARN_BOOL_CONVERSION = YES;
				CLANG_WARN_CONSTANT_CONVERSION = YES;
				CLANG_WARN_DIRECT_OBJC_ISA_USAGE = YES_ERROR;
				CLANG_WARN_EMPTY_BODY = YES;
				CLANG_WARN_ENUM_CONVERSION = YES;
				CLANG_WARN_INT_CONVERSION = YES;
				CLANG_WARN_OBJC_ROOT_CLASS = YES_ERROR;
				CLANG_WARN_UNREACHABLE_CODE = YES;
				CLANG_WARN__DUPLICATE_METHOD_MATCH = YES;
				CODE_SIGN_IDENTITY = "iPhone Distribution: RAMAKRISHNA K (95Y7Y2H9V8)";
				"CODE_SIGN_IDENTITY[sdk=iphoneos*]" = "iPhone Distribution: RAMAKRISHNA K (95Y7Y2H9V8)";
				COPY_PHASE_STRIP = NO;
				DEBUG_INFORMATION_FORMAT = dwarf;
				ENABLE_STRICT_OBJC_MSGSEND = YES;
				ENABLE_TESTABILITY = YES;
				GCC_C_LANGUAGE_STANDARD = gnu99;
				GCC_DYNAMIC_NO_PIC = NO;
				GCC_NO_COMMON_BLOCKS = YES;
				GCC_OPTIMIZATION_LEVEL = 0;
				GCC_PREPROCESSOR_DEFINITIONS = (
					"DEBUG=1",
					"$(inherited)",
				);
				GCC_WARN_64_TO_32_BIT_CONVERSION = YES;
				GCC_WARN_ABOUT_RETURN_TYPE = YES_ERROR;
				GCC_WARN_UNDECLARED_SELECTOR = YES;
				GCC_WARN_UNINITIALIZED_AUTOS = YES_AGGRESSIVE;
				GCC_WARN_UNUSED_FUNCTION = YES;
				GCC_WARN_UNUSED_VARIABLE = YES;
				IPHONEOS_DEPLOYMENT_TARGET = 9.2;
				MTL_ENABLE_DEBUG_INFO = YES;
				ONLY_ACTIVE_ARCH = YES;
				PROVISIONING_PROFILE = "4483d60c-00a7-4b2c-9220-96556e3592ae";
				SDKROOT = iphoneos;
				SWIFT_OPTIMIZATION_LEVEL = "-Onone";
			};
			name = Debug;
		};
		AA0163551CD2073B00EA1619 /* Release */ = {
			isa = XCBuildConfiguration;
			buildSettings = {
				ALWAYS_SEARCH_USER_PATHS = NO;
				CLANG_CXX_LANGUAGE_STANDARD = "gnu++0x";
				CLANG_CXX_LIBRARY = "libc++";
				CLANG_ENABLE_MODULES = YES;
				CLANG_ENABLE_OBJC_ARC = YES;
				CLANG_WARN_BOOL_CONVERSION = YES;
				CLANG_WARN_CONSTANT_CONVERSION = YES;
				CLANG_WARN_DIRECT_OBJC_ISA_USAGE = YES_ERROR;
				CLANG_WARN_EMPTY_BODY = YES;
				CLANG_WARN_ENUM_CONVERSION = YES;
				CLANG_WARN_INT_CONVERSION = YES;
				CLANG_WARN_OBJC_ROOT_CLASS = YES_ERROR;
				CLANG_WARN_UNREACHABLE_CODE = YES;
				CLANG_WARN__DUPLICATE_METHOD_MATCH = YES;
				CODE_SIGN_IDENTITY = "iPhone Distribution: RAMAKRISHNA K (95Y7Y2H9V8)";
				"CODE_SIGN_IDENTITY[sdk=iphoneos*]" = "iPhone Distribution: RAMAKRISHNA K (95Y7Y2H9V8)";
				COPY_PHASE_STRIP = NO;
				DEBUG_INFORMATION_FORMAT = "dwarf-with-dsym";
				ENABLE_NS_ASSERTIONS = NO;
				ENABLE_STRICT_OBJC_MSGSEND = YES;
				GCC_C_LANGUAGE_STANDARD = gnu99;
				GCC_NO_COMMON_BLOCKS = YES;
				GCC_WARN_64_TO_32_BIT_CONVERSION = YES;
				GCC_WARN_ABOUT_RETURN_TYPE = YES_ERROR;
				GCC_WARN_UNDECLARED_SELECTOR = YES;
				GCC_WARN_UNINITIALIZED_AUTOS = YES_AGGRESSIVE;
				GCC_WARN_UNUSED_FUNCTION = YES;
				GCC_WARN_UNUSED_VARIABLE = YES;
				IPHONEOS_DEPLOYMENT_TARGET = 9.2;
				MTL_ENABLE_DEBUG_INFO = NO;
				PROVISIONING_PROFILE = "4483d60c-00a7-4b2c-9220-96556e3592ae";
				SDKROOT = iphoneos;
				VALIDATE_PRODUCT = YES;
			};
			name = Release;
		};
		AA0163571CD2073B00EA1619 /* Debug */ = {
			isa = XCBuildConfiguration;
			baseConfigurationReference = F912ACE886EAFA7466710239 /* Pods-StoreOnGoApp.debug.xcconfig */;
			buildSettings = {
				ASSETCATALOG_COMPILER_APPICON_NAME = AppIcon;
				ASSETCATALOG_COMPILER_LAUNCHIMAGE_NAME = LaunchImage;
				CLANG_ENABLE_MODULES = YES;
				CODE_SIGN_IDENTITY = "iPhone Distribution: RAMAKRISHNA K (95Y7Y2H9V8)";
				"CODE_SIGN_IDENTITY[sdk=iphoneos*]" = "iPhone Distribution: RAMAKRISHNA K (95Y7Y2H9V8)";
				INFOPLIST_FILE = StoreOnGoApp/Info.plist;
				IPHONEOS_DEPLOYMENT_TARGET = 9.3;
				LD_RUNPATH_SEARCH_PATHS = "$(inherited) @executable_path/Frameworks";
				PRODUCT_BUNDLE_IDENTIFIER = com.storeongo.avagencies;
				PRODUCT_NAME = "NV Agencies";
				PROVISIONING_PROFILE = "4483d60c-00a7-4b2c-9220-96556e3592ae";
				SWIFT_OBJC_BRIDGING_HEADER = "StoreOnGoApp-Bridging-Header.h";
				SWIFT_OPTIMIZATION_LEVEL = "-Onone";
			};
			name = Debug;
		};
		AA0163581CD2073B00EA1619 /* Release */ = {
			isa = XCBuildConfiguration;
			baseConfigurationReference = F1D4A9304C6D9CB12D45FA79 /* Pods-StoreOnGoApp.release.xcconfig */;
			buildSettings = {
				ASSETCATALOG_COMPILER_APPICON_NAME = AppIcon;
				ASSETCATALOG_COMPILER_LAUNCHIMAGE_NAME = LaunchImage;
				CLANG_ENABLE_MODULES = YES;
				CODE_SIGN_IDENTITY = "iPhone Distribution: RAMAKRISHNA K (95Y7Y2H9V8)";
				"CODE_SIGN_IDENTITY[sdk=iphoneos*]" = "iPhone Distribution: RAMAKRISHNA K (95Y7Y2H9V8)";
				INFOPLIST_FILE = StoreOnGoApp/Info.plist;
				IPHONEOS_DEPLOYMENT_TARGET = 9.3;
				LD_RUNPATH_SEARCH_PATHS = "$(inherited) @executable_path/Frameworks";
				PRODUCT_BUNDLE_IDENTIFIER = com.storeongo.avagencies;
				PRODUCT_NAME = "NV Agencies";
				PROVISIONING_PROFILE = "4483d60c-00a7-4b2c-9220-96556e3592ae";
				SWIFT_OBJC_BRIDGING_HEADER = "StoreOnGoApp-Bridging-Header.h";
			};
			name = Release;
		};
		AA01635A1CD2073B00EA1619 /* Debug */ = {
			isa = XCBuildConfiguration;
			buildSettings = {
				BUNDLE_LOADER = "$(TEST_HOST)";
				INFOPLIST_FILE = StoreOnGoAppTests/Info.plist;
				LD_RUNPATH_SEARCH_PATHS = "$(inherited) @executable_path/Frameworks @loader_path/Frameworks";
				PRODUCT_BUNDLE_IDENTIFIER = com.date.StoreOnGoAppTests;
				PRODUCT_NAME = "$(TARGET_NAME)";
				SWIFT_OBJC_BRIDGING_HEADER = "";
				TEST_HOST = "$(BUILT_PRODUCTS_DIR)/StoreOnGoApp.app/StoreOnGoApp";
			};
			name = Debug;
		};
		AA01635B1CD2073B00EA1619 /* Release */ = {
			isa = XCBuildConfiguration;
			buildSettings = {
				BUNDLE_LOADER = "$(TEST_HOST)";
				INFOPLIST_FILE = StoreOnGoAppTests/Info.plist;
				LD_RUNPATH_SEARCH_PATHS = "$(inherited) @executable_path/Frameworks @loader_path/Frameworks";
				PRODUCT_BUNDLE_IDENTIFIER = com.date.StoreOnGoAppTests;
				PRODUCT_NAME = "$(TARGET_NAME)";
				SWIFT_OBJC_BRIDGING_HEADER = "";
				TEST_HOST = "$(BUILT_PRODUCTS_DIR)/StoreOnGoApp.app/StoreOnGoApp";
			};
			name = Release;
		};
		AA01635D1CD2073B00EA1619 /* Debug */ = {
			isa = XCBuildConfiguration;
			baseConfigurationReference = 639A3E67E26A3965EB6B1BC6 /* Pods-StoreOnGoAppUITests.debug.xcconfig */;
			buildSettings = {
				INFOPLIST_FILE = StoreOnGoAppUITests/Info.plist;
				LD_RUNPATH_SEARCH_PATHS = "$(inherited) @executable_path/Frameworks @loader_path/Frameworks";
				PRODUCT_BUNDLE_IDENTIFIER = com.date.StoreOnGoAppUITests;
				PRODUCT_NAME = "$(TARGET_NAME)";
				SWIFT_OBJC_BRIDGING_HEADER = "";
				TEST_TARGET_NAME = StoreOnGoApp;
				USES_XCTRUNNER = YES;
			};
			name = Debug;
		};
		AA01635E1CD2073B00EA1619 /* Release */ = {
			isa = XCBuildConfiguration;
			baseConfigurationReference = 0145B61FE9DB76F9CCDB4E70 /* Pods-StoreOnGoAppUITests.release.xcconfig */;
			buildSettings = {
				INFOPLIST_FILE = StoreOnGoAppUITests/Info.plist;
				LD_RUNPATH_SEARCH_PATHS = "$(inherited) @executable_path/Frameworks @loader_path/Frameworks";
				PRODUCT_BUNDLE_IDENTIFIER = com.date.StoreOnGoAppUITests;
				PRODUCT_NAME = "$(TARGET_NAME)";
				SWIFT_OBJC_BRIDGING_HEADER = "";
				TEST_TARGET_NAME = StoreOnGoApp;
				USES_XCTRUNNER = YES;
			};
			name = Release;
		};
/* End XCBuildConfiguration section */

/* Begin XCConfigurationList section */
		AA0163261CD2073B00EA1619 /* Build configuration list for PBXProject "StoreOnGoApp" */ = {
			isa = XCConfigurationList;
			buildConfigurations = (
				AA0163541CD2073B00EA1619 /* Debug */,
				AA0163551CD2073B00EA1619 /* Release */,
			);
			defaultConfigurationIsVisible = 0;
			defaultConfigurationName = Release;
		};
		AA0163561CD2073B00EA1619 /* Build configuration list for PBXNativeTarget "StoreOnGoApp" */ = {
			isa = XCConfigurationList;
			buildConfigurations = (
				AA0163571CD2073B00EA1619 /* Debug */,
				AA0163581CD2073B00EA1619 /* Release */,
			);
			defaultConfigurationIsVisible = 0;
			defaultConfigurationName = Release;
		};
		AA0163591CD2073B00EA1619 /* Build configuration list for PBXNativeTarget "StoreOnGoAppTests" */ = {
			isa = XCConfigurationList;
			buildConfigurations = (
				AA01635A1CD2073B00EA1619 /* Debug */,
				AA01635B1CD2073B00EA1619 /* Release */,
			);
			defaultConfigurationIsVisible = 0;
			defaultConfigurationName = Release;
		};
		AA01635C1CD2073B00EA1619 /* Build configuration list for PBXNativeTarget "StoreOnGoAppUITests" */ = {
			isa = XCConfigurationList;
			buildConfigurations = (
				AA01635D1CD2073B00EA1619 /* Debug */,
				AA01635E1CD2073B00EA1619 /* Release */,
			);
			defaultConfigurationIsVisible = 0;
			defaultConfigurationName = Release;
		};
/* End XCConfigurationList section */

/* Begin XCVersionGroup section */
		126F82671CDF6F24003C3DE4 /* StoreOnGoData.xcdatamodeld */ = {
			isa = XCVersionGroup;
			children = (
				126F82681CDF6F24003C3DE4 /* StoreOnGoData.xcdatamodel */,
			);
			currentVersion = 126F82681CDF6F24003C3DE4 /* StoreOnGoData.xcdatamodel */;
			path = StoreOnGoData.xcdatamodeld;
			sourceTree = "<group>";
			versionGroupType = wrapper.xcdatamodel;
		};
/* End XCVersionGroup section */
	};
	rootObject = AA0163231CD2073B00EA1619 /* Project object */;
}
